// !$*UTF8*$!
{
	archiveVersion = 1;
	classes = {
	};
	objectVersion = 46;
	objects = {

/* Begin PBXBuildFile section */
		E90A66331B51C77E003B45C1 /* main.m in Sources */ = {isa = PBXBuildFile; fileRef = E90A66321B51C77E003B45C1 /* main.m */; };
		E90A66361B51C77E003B45C1 /* AppDelegate.m in Sources */ = {isa = PBXBuildFile; fileRef = E90A66351B51C77E003B45C1 /* AppDelegate.m */; };
		E90A66401B51C77E003B45C1 /* Images.xcassets in Resources */ = {isa = PBXBuildFile; fileRef = E90A663F1B51C77E003B45C1 /* Images.xcassets */; };
		E90A66431B51C77E003B45C1 /* LaunchScreen.xib in Resources */ = {isa = PBXBuildFile; fileRef = E90A66411B51C77E003B45C1 /* LaunchScreen.xib */; };
		E90A664F1B51C77E003B45C1 /* HandBumpTests.m in Sources */ = {isa = PBXBuildFile; fileRef = E90A664E1B51C77E003B45C1 /* HandBumpTests.m */; };
		E90A665A1B51C7C7003B45C1 /* AppController.m in Sources */ = {isa = PBXBuildFile; fileRef = E90A66591B51C7C7003B45C1 /* AppController.m */; };
		E90A66971B51FC3A003B45C1 /* StartScreenViewController.m in Sources */ = {isa = PBXBuildFile; fileRef = E90A66961B51FC3A003B45C1 /* StartScreenViewController.m */; };
		E90A66991B51FCD1003B45C1 /* TitleScreen.png in Resources */ = {isa = PBXBuildFile; fileRef = E90A66981B51FCD1003B45C1 /* TitleScreen.png */; };
		E90A669C1B51FFAA003B45C1 /* CutSceneViewController.m in Sources */ = {isa = PBXBuildFile; fileRef = E90A669B1B51FFAA003B45C1 /* CutSceneViewController.m */; };
		E90A669E1B52022C003B45C1 /* movie1.mov in Resources */ = {isa = PBXBuildFile; fileRef = E90A669D1B52022C003B45C1 /* movie1.mov */; };
		E90A66A11B520282003B45C1 /* GamePlayViewController.m in Sources */ = {isa = PBXBuildFile; fileRef = E90A66A01B520282003B45C1 /* GamePlayViewController.m */; };
		E90A66A31B523B82003B45C1 /* MainScreen@2x.png in Resources */ = {isa = PBXBuildFile; fileRef = E90A66A21B523B82003B45C1 /* MainScreen@2x.png */; };
		E90A66A61B523D88003B45C1 /* Winner@2x.png in Resources */ = {isa = PBXBuildFile; fileRef = E90A66A41B523D88003B45C1 /* Winner@2x.png */; };
		E90A66A71B523D88003B45C1 /* YouUp@2x.png in Resources */ = {isa = PBXBuildFile; fileRef = E90A66A51B523D88003B45C1 /* YouUp@2x.png */; };
		E90A66AD1B524406003B45C1 /* BroHug@2x.png in Resources */ = {isa = PBXBuildFile; fileRef = E90A66A81B524406003B45C1 /* BroHug@2x.png */; };
		E90A66AE1B524406003B45C1 /* FistBump@2x.png in Resources */ = {isa = PBXBuildFile; fileRef = E90A66A91B524406003B45C1 /* FistBump@2x.png */; };
		E90A66AF1B524406003B45C1 /* Handshake@2x.png in Resources */ = {isa = PBXBuildFile; fileRef = E90A66AA1B524406003B45C1 /* Handshake@2x.png */; };
		E90A66B01B524406003B45C1 /* HighFive@2x.png in Resources */ = {isa = PBXBuildFile; fileRef = E90A66AB1B524406003B45C1 /* HighFive@2x.png */; };
		E90A66B11B524406003B45C1 /* Hug@2x.png in Resources */ = {isa = PBXBuildFile; fileRef = E90A66AC1B524406003B45C1 /* Hug@2x.png */; };
		E90A66B31B525069003B45C1 /* 04B_03__.ttf in Resources */ = {isa = PBXBuildFile; fileRef = E90A66B21B525069003B45C1 /* 04B_03__.ttf */; };
		E90A66B51B5254AF003B45C1 /* Go@2x.png in Resources */ = {isa = PBXBuildFile; fileRef = E90A66B41B5254AF003B45C1 /* Go@2x.png */; };
		E90A66B71B52C854003B45C1 /* Cutscene1.mp4 in Resources */ = {isa = PBXBuildFile; fileRef = E90A66B61B52C854003B45C1 /* Cutscene1.mp4 */; };
		E90A66B91B52C981003B45C1 /* Cutscene2.mp4 in Resources */ = {isa = PBXBuildFile; fileRef = E90A66B81B52C981003B45C1 /* Cutscene2.mp4 */; };
		E90A66BB1B52DCE0003B45C1 /* intro.mp4 in Resources */ = {isa = PBXBuildFile; fileRef = E90A66BA1B52DCE0003B45C1 /* intro.mp4 */; };
		E9F919791B52E987006D2C68 /* VideoPlayer.m in Sources */ = {isa = PBXBuildFile; fileRef = E9F919781B52E987006D2C68 /* VideoPlayer.m */; };
		E9F9197B1B52EA0B006D2C68 /* SAXGUY.mp4 in Resources */ = {isa = PBXBuildFile; fileRef = E9F9197A1B52EA0B006D2C68 /* SAXGUY.mp4 */; };
/* End PBXBuildFile section */

/* Begin PBXContainerItemProxy section */
		E90A66491B51C77E003B45C1 /* PBXContainerItemProxy */ = {
			isa = PBXContainerItemProxy;
			containerPortal = E90A66251B51C77E003B45C1 /* Project object */;
			proxyType = 1;
			remoteGlobalIDString = E90A662C1B51C77E003B45C1;
			remoteInfo = HandBump;
		};
/* End PBXContainerItemProxy section */

/* Begin PBXFileReference section */
		E90A662D1B51C77E003B45C1 /* HandBump.app */ = {isa = PBXFileReference; explicitFileType = wrapper.application; includeInIndex = 0; path = HandBump.app; sourceTree = BUILT_PRODUCTS_DIR; };
		E90A66311B51C77E003B45C1 /* Info.plist */ = {isa = PBXFileReference; lastKnownFileType = text.plist.xml; path = Info.plist; sourceTree = "<group>"; };
		E90A66321B51C77E003B45C1 /* main.m */ = {isa = PBXFileReference; lastKnownFileType = sourcecode.c.objc; path = main.m; sourceTree = "<group>"; };
		E90A66341B51C77E003B45C1 /* AppDelegate.h */ = {isa = PBXFileReference; lastKnownFileType = sourcecode.c.h; path = AppDelegate.h; sourceTree = "<group>"; };
		E90A66351B51C77E003B45C1 /* AppDelegate.m */ = {isa = PBXFileReference; lastKnownFileType = sourcecode.c.objc; path = AppDelegate.m; sourceTree = "<group>"; };
		E90A663F1B51C77E003B45C1 /* Images.xcassets */ = {isa = PBXFileReference; lastKnownFileType = folder.assetcatalog; path = Images.xcassets; sourceTree = "<group>"; };
		E90A66421B51C77E003B45C1 /* Base */ = {isa = PBXFileReference; lastKnownFileType = file.xib; name = Base; path = Base.lproj/LaunchScreen.xib; sourceTree = "<group>"; };
		E90A66481B51C77E003B45C1 /* HandBumpTests.xctest */ = {isa = PBXFileReference; explicitFileType = wrapper.cfbundle; includeInIndex = 0; path = HandBumpTests.xctest; sourceTree = BUILT_PRODUCTS_DIR; };
		E90A664D1B51C77E003B45C1 /* Info.plist */ = {isa = PBXFileReference; lastKnownFileType = text.plist.xml; path = Info.plist; sourceTree = "<group>"; };
		E90A664E1B51C77E003B45C1 /* HandBumpTests.m */ = {isa = PBXFileReference; lastKnownFileType = sourcecode.c.objc; path = HandBumpTests.m; sourceTree = "<group>"; };
		E90A66581B51C7C7003B45C1 /* AppController.h */ = {isa = PBXFileReference; fileEncoding = 4; lastKnownFileType = sourcecode.c.h; path = AppController.h; sourceTree = "<group>"; };
		E90A66591B51C7C7003B45C1 /* AppController.m */ = {isa = PBXFileReference; fileEncoding = 4; lastKnownFileType = sourcecode.c.objc; path = AppController.m; sourceTree = "<group>"; };
		E90A66951B51FC3A003B45C1 /* StartScreenViewController.h */ = {isa = PBXFileReference; fileEncoding = 4; lastKnownFileType = sourcecode.c.h; path = StartScreenViewController.h; sourceTree = "<group>"; };
		E90A66961B51FC3A003B45C1 /* StartScreenViewController.m */ = {isa = PBXFileReference; fileEncoding = 4; lastKnownFileType = sourcecode.c.objc; path = StartScreenViewController.m; sourceTree = "<group>"; };
		E90A66981B51FCD1003B45C1 /* TitleScreen.png */ = {isa = PBXFileReference; lastKnownFileType = image.png; path = TitleScreen.png; sourceTree = "<group>"; };
		E90A669A1B51FFAA003B45C1 /* CutSceneViewController.h */ = {isa = PBXFileReference; fileEncoding = 4; lastKnownFileType = sourcecode.c.h; path = CutSceneViewController.h; sourceTree = "<group>"; };
		E90A669B1B51FFAA003B45C1 /* CutSceneViewController.m */ = {isa = PBXFileReference; fileEncoding = 4; lastKnownFileType = sourcecode.c.objc; path = CutSceneViewController.m; sourceTree = "<group>"; };
		E90A669D1B52022C003B45C1 /* movie1.mov */ = {isa = PBXFileReference; lastKnownFileType = video.quicktime; path = movie1.mov; sourceTree = "<group>"; };
		E90A669F1B520282003B45C1 /* GamePlayViewController.h */ = {isa = PBXFileReference; fileEncoding = 4; lastKnownFileType = sourcecode.c.h; path = GamePlayViewController.h; sourceTree = "<group>"; };
		E90A66A01B520282003B45C1 /* GamePlayViewController.m */ = {isa = PBXFileReference; fileEncoding = 4; lastKnownFileType = sourcecode.c.objc; path = GamePlayViewController.m; sourceTree = "<group>"; };
		E90A66A21B523B82003B45C1 /* MainScreen@2x.png */ = {isa = PBXFileReference; lastKnownFileType = image.png; path = "MainScreen@2x.png"; sourceTree = "<group>"; };
		E90A66A41B523D88003B45C1 /* Winner@2x.png */ = {isa = PBXFileReference; lastKnownFileType = image.png; path = "Winner@2x.png"; sourceTree = "<group>"; };
		E90A66A51B523D88003B45C1 /* YouUp@2x.png */ = {isa = PBXFileReference; lastKnownFileType = image.png; path = "YouUp@2x.png"; sourceTree = "<group>"; };
		E90A66A81B524406003B45C1 /* BroHug@2x.png */ = {isa = PBXFileReference; lastKnownFileType = image.png; path = "BroHug@2x.png"; sourceTree = "<group>"; };
		E90A66A91B524406003B45C1 /* FistBump@2x.png */ = {isa = PBXFileReference; lastKnownFileType = image.png; path = "FistBump@2x.png"; sourceTree = "<group>"; };
		E90A66AA1B524406003B45C1 /* Handshake@2x.png */ = {isa = PBXFileReference; lastKnownFileType = image.png; path = "Handshake@2x.png"; sourceTree = "<group>"; };
		E90A66AB1B524406003B45C1 /* HighFive@2x.png */ = {isa = PBXFileReference; lastKnownFileType = image.png; path = "HighFive@2x.png"; sourceTree = "<group>"; };
		E90A66AC1B524406003B45C1 /* Hug@2x.png */ = {isa = PBXFileReference; lastKnownFileType = image.png; path = "Hug@2x.png"; sourceTree = "<group>"; };
		E90A66B21B525069003B45C1 /* 04B_03__.ttf */ = {isa = PBXFileReference; lastKnownFileType = file; path = 04B_03__.ttf; sourceTree = "<group>"; };
		E90A66B41B5254AF003B45C1 /* Go@2x.png */ = {isa = PBXFileReference; lastKnownFileType = image.png; path = "Go@2x.png"; sourceTree = "<group>"; };
		E90A66B61B52C854003B45C1 /* Cutscene1.mp4 */ = {isa = PBXFileReference; lastKnownFileType = file; path = Cutscene1.mp4; sourceTree = "<group>"; };
		E90A66B81B52C981003B45C1 /* Cutscene2.mp4 */ = {isa = PBXFileReference; lastKnownFileType = file; path = Cutscene2.mp4; sourceTree = "<group>"; };
		E90A66BA1B52DCE0003B45C1 /* intro.mp4 */ = {isa = PBXFileReference; lastKnownFileType = file; path = intro.mp4; sourceTree = "<group>"; };
		E9F919771B52E987006D2C68 /* VideoPlayer.h */ = {isa = PBXFileReference; fileEncoding = 4; lastKnownFileType = sourcecode.c.h; path = VideoPlayer.h; sourceTree = "<group>"; };
		E9F919781B52E987006D2C68 /* VideoPlayer.m */ = {isa = PBXFileReference; fileEncoding = 4; lastKnownFileType = sourcecode.c.objc; path = VideoPlayer.m; sourceTree = "<group>"; };
		E9F9197A1B52EA0B006D2C68 /* SAXGUY.mp4 */ = {isa = PBXFileReference; lastKnownFileType = file; path = SAXGUY.mp4; sourceTree = "<group>"; };
/* End PBXFileReference section */

/* Begin PBXFrameworksBuildPhase section */
		E90A662A1B51C77E003B45C1 /* Frameworks */ = {
			isa = PBXFrameworksBuildPhase;
			buildActionMask = 2147483647;
			files = (
			);
			runOnlyForDeploymentPostprocessing = 0;
		};
		E90A66451B51C77E003B45C1 /* Frameworks */ = {
			isa = PBXFrameworksBuildPhase;
			buildActionMask = 2147483647;
			files = (
			);
			runOnlyForDeploymentPostprocessing = 0;
		};
/* End PBXFrameworksBuildPhase section */

/* Begin PBXGroup section */
		E90A66241B51C77E003B45C1 = {
			isa = PBXGroup;
			children = (
				E90A662F1B51C77E003B45C1 /* HandBump */,
				E90A664B1B51C77E003B45C1 /* HandBumpTests */,
				E90A662E1B51C77E003B45C1 /* Products */,
			);
			sourceTree = "<group>";
		};
		E90A662E1B51C77E003B45C1 /* Products */ = {
			isa = PBXGroup;
			children = (
				E90A662D1B51C77E003B45C1 /* HandBump.app */,
				E90A66481B51C77E003B45C1 /* HandBumpTests.xctest */,
			);
			name = Products;
			sourceTree = "<group>";
		};
		E90A662F1B51C77E003B45C1 /* HandBump */ = {
			isa = PBXGroup;
			children = (
				E90A66341B51C77E003B45C1 /* AppDelegate.h */,
				E90A66351B51C77E003B45C1 /* AppDelegate.m */,
				E90A66581B51C7C7003B45C1 /* AppController.h */,
				E90A66591B51C7C7003B45C1 /* AppController.m */,
				E90A66951B51FC3A003B45C1 /* StartScreenViewController.h */,
				E90A66961B51FC3A003B45C1 /* StartScreenViewController.m */,
				E90A669A1B51FFAA003B45C1 /* CutSceneViewController.h */,
				E90A669B1B51FFAA003B45C1 /* CutSceneViewController.m */,
				E90A669F1B520282003B45C1 /* GamePlayViewController.h */,
				E90A66A01B520282003B45C1 /* GamePlayViewController.m */,
				E9F919771B52E987006D2C68 /* VideoPlayer.h */,
				E9F919781B52E987006D2C68 /* VideoPlayer.m */,
				E90A663F1B51C77E003B45C1 /* Images.xcassets */,
				E90A66411B51C77E003B45C1 /* LaunchScreen.xib */,
				E90A66301B51C77E003B45C1 /* Supporting Files */,
			);
			path = HandBump;
			sourceTree = "<group>";
		};
		E90A66301B51C77E003B45C1 /* Supporting Files */ = {
			isa = PBXGroup;
			children = (
				E9F9197A1B52EA0B006D2C68 /* SAXGUY.mp4 */,
				E90A66BA1B52DCE0003B45C1 /* intro.mp4 */,
				E90A66B61B52C854003B45C1 /* Cutscene1.mp4 */,
				E90A66B81B52C981003B45C1 /* Cutscene2.mp4 */,
				E90A66B41B5254AF003B45C1 /* Go@2x.png */,
				E90A66B21B525069003B45C1 /* 04B_03__.ttf */,
				E90A66A41B523D88003B45C1 /* Winner@2x.png */,
				E90A66A51B523D88003B45C1 /* YouUp@2x.png */,
				E90A66A81B524406003B45C1 /* BroHug@2x.png */,
				E90A66A91B524406003B45C1 /* FistBump@2x.png */,
				E90A66AA1B524406003B45C1 /* Handshake@2x.png */,
				E90A66AB1B524406003B45C1 /* HighFive@2x.png */,
				E90A66AC1B524406003B45C1 /* Hug@2x.png */,
				E90A66A21B523B82003B45C1 /* MainScreen@2x.png */,
				E90A669D1B52022C003B45C1 /* movie1.mov */,
				E90A66981B51FCD1003B45C1 /* TitleScreen.png */,
				E90A66311B51C77E003B45C1 /* Info.plist */,
				E90A66321B51C77E003B45C1 /* main.m */,
			);
			name = "Supporting Files";
			sourceTree = "<group>";
		};
		E90A664B1B51C77E003B45C1 /* HandBumpTests */ = {
			isa = PBXGroup;
			children = (
				E90A664E1B51C77E003B45C1 /* HandBumpTests.m */,
				E90A664C1B51C77E003B45C1 /* Supporting Files */,
			);
			path = HandBumpTests;
			sourceTree = "<group>";
		};
		E90A664C1B51C77E003B45C1 /* Supporting Files */ = {
			isa = PBXGroup;
			children = (
				E90A664D1B51C77E003B45C1 /* Info.plist */,
			);
			name = "Supporting Files";
			sourceTree = "<group>";
		};
/* End PBXGroup section */

/* Begin PBXNativeTarget section */
		E90A662C1B51C77E003B45C1 /* HandBump */ = {
			isa = PBXNativeTarget;
			buildConfigurationList = E90A66521B51C77E003B45C1 /* Build configuration list for PBXNativeTarget "HandBump" */;
			buildPhases = (
				E90A66291B51C77E003B45C1 /* Sources */,
				E90A662A1B51C77E003B45C1 /* Frameworks */,
				E90A662B1B51C77E003B45C1 /* Resources */,
			);
			buildRules = (
			);
			dependencies = (
			);
			name = HandBump;
			productName = HandBump;
			productReference = E90A662D1B51C77E003B45C1 /* HandBump.app */;
			productType = "com.apple.product-type.application";
		};
		E90A66471B51C77E003B45C1 /* HandBumpTests */ = {
			isa = PBXNativeTarget;
			buildConfigurationList = E90A66551B51C77E003B45C1 /* Build configuration list for PBXNativeTarget "HandBumpTests" */;
			buildPhases = (
				E90A66441B51C77E003B45C1 /* Sources */,
				E90A66451B51C77E003B45C1 /* Frameworks */,
				E90A66461B51C77E003B45C1 /* Resources */,
			);
			buildRules = (
			);
			dependencies = (
				E90A664A1B51C77E003B45C1 /* PBXTargetDependency */,
			);
			name = HandBumpTests;
			productName = HandBumpTests;
			productReference = E90A66481B51C77E003B45C1 /* HandBumpTests.xctest */;
			productType = "com.apple.product-type.bundle.unit-test";
		};
/* End PBXNativeTarget section */

/* Begin PBXProject section */
		E90A66251B51C77E003B45C1 /* Project object */ = {
			isa = PBXProject;
			attributes = {
				LastUpgradeCheck = 0630;
				ORGANIZATIONNAME = "Organization Name";
				TargetAttributes = {
					E90A662C1B51C77E003B45C1 = {
						CreatedOnToolsVersion = 6.3.2;
						DevelopmentTeam = 4UASKQ4E7M;
					};
					E90A66471B51C77E003B45C1 = {
						CreatedOnToolsVersion = 6.3.2;
						TestTargetID = E90A662C1B51C77E003B45C1;
					};
				};
			};
			buildConfigurationList = E90A66281B51C77E003B45C1 /* Build configuration list for PBXProject "HandBump" */;
			compatibilityVersion = "Xcode 3.2";
			developmentRegion = English;
			hasScannedForEncodings = 0;
			knownRegions = (
				en,
				Base,
			);
			mainGroup = E90A66241B51C77E003B45C1;
			productRefGroup = E90A662E1B51C77E003B45C1 /* Products */;
			projectDirPath = "";
			projectRoot = "";
			targets = (
				E90A662C1B51C77E003B45C1 /* HandBump */,
				E90A66471B51C77E003B45C1 /* HandBumpTests */,
			);
		};
/* End PBXProject section */

/* Begin PBXResourcesBuildPhase section */
		E90A662B1B51C77E003B45C1 /* Resources */ = {
			isa = PBXResourcesBuildPhase;
			buildActionMask = 2147483647;
			files = (
				E90A66AE1B524406003B45C1 /* FistBump@2x.png in Resources */,
				E90A66B71B52C854003B45C1 /* Cutscene1.mp4 in Resources */,
				E90A66431B51C77E003B45C1 /* LaunchScreen.xib in Resources */,
				E90A66BB1B52DCE0003B45C1 /* intro.mp4 in Resources */,
				E90A66B51B5254AF003B45C1 /* Go@2x.png in Resources */,
				E90A66AD1B524406003B45C1 /* BroHug@2x.png in Resources */,
				E9F9197B1B52EA0B006D2C68 /* SAXGUY.mp4 in Resources */,
				E90A66A31B523B82003B45C1 /* MainScreen@2x.png in Resources */,
				E90A66B31B525069003B45C1 /* 04B_03__.ttf in Resources */,
				E90A66991B51FCD1003B45C1 /* TitleScreen.png in Resources */,
				E90A66B91B52C981003B45C1 /* Cutscene2.mp4 in Resources */,
				E90A66A61B523D88003B45C1 /* Winner@2x.png in Resources */,
				E90A66AF1B524406003B45C1 /* Handshake@2x.png in Resources */,
				E90A66401B51C77E003B45C1 /* Images.xcassets in Resources */,
				E90A669E1B52022C003B45C1 /* movie1.mov in Resources */,
				E90A66A71B523D88003B45C1 /* YouUp@2x.png in Resources */,
				E90A66B01B524406003B45C1 /* HighFive@2x.png in Resources */,
				E90A66B11B524406003B45C1 /* Hug@2x.png in Resources */,
			);
			runOnlyForDeploymentPostprocessing = 0;
		};
		E90A66461B51C77E003B45C1 /* Resources */ = {
			isa = PBXResourcesBuildPhase;
			buildActionMask = 2147483647;
			files = (
			);
			runOnlyForDeploymentPostprocessing = 0;
		};
/* End PBXResourcesBuildPhase section */

/* Begin PBXSourcesBuildPhase section */
		E90A66291B51C77E003B45C1 /* Sources */ = {
			isa = PBXSourcesBuildPhase;
			buildActionMask = 2147483647;
			files = (
				E90A66361B51C77E003B45C1 /* AppDelegate.m in Sources */,
				E9F919791B52E987006D2C68 /* VideoPlayer.m in Sources */,
				E90A665A1B51C7C7003B45C1 /* AppController.m in Sources */,
				E90A66A11B520282003B45C1 /* GamePlayViewController.m in Sources */,
				E90A66331B51C77E003B45C1 /* main.m in Sources */,
				E90A669C1B51FFAA003B45C1 /* CutSceneViewController.m in Sources */,
				E90A66971B51FC3A003B45C1 /* StartScreenViewController.m in Sources */,
			);
			runOnlyForDeploymentPostprocessing = 0;
		};
		E90A66441B51C77E003B45C1 /* Sources */ = {
			isa = PBXSourcesBuildPhase;
			buildActionMask = 2147483647;
			files = (
				E90A664F1B51C77E003B45C1 /* HandBumpTests.m in Sources */,
			);
			runOnlyForDeploymentPostprocessing = 0;
		};
/* End PBXSourcesBuildPhase section */

/* Begin PBXTargetDependency section */
		E90A664A1B51C77E003B45C1 /* PBXTargetDependency */ = {
			isa = PBXTargetDependency;
			target = E90A662C1B51C77E003B45C1 /* HandBump */;
			targetProxy = E90A66491B51C77E003B45C1 /* PBXContainerItemProxy */;
		};
/* End PBXTargetDependency section */

/* Begin PBXVariantGroup section */
		E90A66411B51C77E003B45C1 /* LaunchScreen.xib */ = {
			isa = PBXVariantGroup;
			children = (
				E90A66421B51C77E003B45C1 /* Base */,
			);
			name = LaunchScreen.xib;
			sourceTree = "<group>";
		};
/* End PBXVariantGroup section */

/* Begin XCBuildConfiguration section */
		E90A66501B51C77E003B45C1 /* Debug */ = {
			isa = XCBuildConfiguration;
			buildSettings = {
				ALWAYS_SEARCH_USER_PATHS = NO;
				CLANG_CXX_LANGUAGE_STANDARD = "gnu++0x";
				CLANG_CXX_LIBRARY = "libc++";
				CLANG_ENABLE_MODULES = YES;
				CLANG_ENABLE_OBJC_ARC = YES;
				CLANG_WARN_BOOL_CONVERSION = YES;
				CLANG_WARN_CONSTANT_CONVERSION = YES;
				CLANG_WARN_DIRECT_OBJC_ISA_USAGE = YES_ERROR;
				CLANG_WARN_EMPTY_BODY = YES;
				CLANG_WARN_ENUM_CONVERSION = YES;
				CLANG_WARN_INT_CONVERSION = YES;
				CLANG_WARN_OBJC_ROOT_CLASS = YES_ERROR;
				CLANG_WARN_UNREACHABLE_CODE = YES;
				CLANG_WARN__DUPLICATE_METHOD_MATCH = YES;
				"CODE_SIGN_IDENTITY[sdk=iphoneos*]" = "iPhone Developer";
				COPY_PHASE_STRIP = NO;
				DEBUG_INFORMATION_FORMAT = "dwarf-with-dsym";
				ENABLE_STRICT_OBJC_MSGSEND = YES;
				GCC_C_LANGUAGE_STANDARD = gnu99;
				GCC_DYNAMIC_NO_PIC = NO;
				GCC_NO_COMMON_BLOCKS = YES;
				GCC_OPTIMIZATION_LEVEL = 0;
				GCC_PREPROCESSOR_DEFINITIONS = (
					"DEBUG=1",
					"$(inherited)",
				);
				GCC_SYMBOLS_PRIVATE_EXTERN = NO;
				GCC_WARN_64_TO_32_BIT_CONVERSION = YES;
				GCC_WARN_ABOUT_RETURN_TYPE = YES_ERROR;
				GCC_WARN_UNDECLARED_SELECTOR = YES;
				GCC_WARN_UNINITIALIZED_AUTOS = YES_AGGRESSIVE;
				GCC_WARN_UNUSED_FUNCTION = YES;
				GCC_WARN_UNUSED_VARIABLE = YES;
				IPHONEOS_DEPLOYMENT_TARGET = 8.3;
				MTL_ENABLE_DEBUG_INFO = YES;
				ONLY_ACTIVE_ARCH = YES;
				SDKROOT = iphoneos;
				TARGETED_DEVICE_FAMILY = 2;
			};
			name = Debug;
		};
		E90A66511B51C77E003B45C1 /* Release */ = {
			isa = XCBuildConfiguration;
			buildSettings = {
				ALWAYS_SEARCH_USER_PATHS = NO;
				CLANG_CXX_LANGUAGE_STANDARD = "gnu++0x";
				CLANG_CXX_LIBRARY = "libc++";
				CLANG_ENABLE_MODULES = YES;
				CLANG_ENABLE_OBJC_ARC = YES;
				CLANG_WARN_BOOL_CONVERSION = YES;
				CLANG_WARN_CONSTANT_CONVERSION = YES;
				CLANG_WARN_DIRECT_OBJC_ISA_USAGE = YES_ERROR;
				CLANG_WARN_EMPTY_BODY = YES;
				CLANG_WARN_ENUM_CONVERSION = YES;
				CLANG_WARN_INT_CONVERSION = YES;
				CLANG_WARN_OBJC_ROOT_CLASS = YES_ERROR;
				CLANG_WARN_UNREACHABLE_CODE = YES;
				CLANG_WARN__DUPLICATE_METHOD_MATCH = YES;
				"CODE_SIGN_IDENTITY[sdk=iphoneos*]" = "iPhone Developer";
				COPY_PHASE_STRIP = NO;
				DEBUG_INFORMATION_FORMAT = "dwarf-with-dsym";
				ENABLE_NS_ASSERTIONS = NO;
				ENABLE_STRICT_OBJC_MSGSEND = YES;
				GCC_C_LANGUAGE_STANDARD = gnu99;
				GCC_NO_COMMON_BLOCKS = YES;
				GCC_WARN_64_TO_32_BIT_CONVERSION = YES;
				GCC_WARN_ABOUT_RETURN_TYPE = YES_ERROR;
				GCC_WARN_UNDECLARED_SELECTOR = YES;
				GCC_WARN_UNINITIALIZED_AUTOS = YES_AGGRESSIVE;
				GCC_WARN_UNUSED_FUNCTION = YES;
				GCC_WARN_UNUSED_VARIABLE = YES;
				IPHONEOS_DEPLOYMENT_TARGET = 8.3;
				MTL_ENABLE_DEBUG_INFO = NO;
				SDKROOT = iphoneos;
				TARGETED_DEVICE_FAMILY = 2;
				VALIDATE_PRODUCT = YES;
			};
			name = Release;
		};
		E90A66531B51C77E003B45C1 /* Debug */ = {
			isa = XCBuildConfiguration;
			buildSettings = {
				ASSETCATALOG_COMPILER_APPICON_NAME = AppIcon;
				CODE_SIGN_IDENTITY = "iPhone Developer";
				"CODE_SIGN_IDENTITY[sdk=iphoneos*]" = "iPhone Developer";
				INFOPLIST_FILE = HandBump/Info.plist;
				IPHONEOS_DEPLOYMENT_TARGET = 8.0;
				LD_RUNPATH_SEARCH_PATHS = "$(inherited) @executable_path/Frameworks";
				PRODUCT_NAME = "$(TARGET_NAME)";
				PROVISIONING_PROFILE = "";
			};
			name = Debug;
		};
		E90A66541B51C77E003B45C1 /* Release */ = {
			isa = XCBuildConfiguration;
			buildSettings = {
				ASSETCATALOG_COMPILER_APPICON_NAME = AppIcon;
				CODE_SIGN_IDENTITY = "iPhone Developer";
				"CODE_SIGN_IDENTITY[sdk=iphoneos*]" = "iPhone Developer";
				INFOPLIST_FILE = HandBump/Info.plist;
				IPHONEOS_DEPLOYMENT_TARGET = 8.0;
				LD_RUNPATH_SEARCH_PATHS = "$(inherited) @executable_path/Frameworks";
				PRODUCT_NAME = "$(TARGET_NAME)";
				PROVISIONING_PROFILE = "";
			};
			name = Release;
		};
		E90A66561B51C77E003B45C1 /* Debug */ = {
			isa = XCBuildConfiguration;
			buildSettings = {
				BUNDLE_LOADER = "$(TEST_HOST)";
				FRAMEWORK_SEARCH_PATHS = (
					"$(SDKROOT)/Developer/Library/Frameworks",
					"$(inherited)",
				);
				GCC_PREPROCESSOR_DEFINITIONS = (
					"DEBUG=1",
					"$(inherited)",
				);
				INFOPLIST_FILE = HandBumpTests/Info.plist;
				LD_RUNPATH_SEARCH_PATHS = "$(inherited) @executable_path/Frameworks @loader_path/Frameworks";
				PRODUCT_NAME = "$(TARGET_NAME)";
				TEST_HOST = "$(BUILT_PRODUCTS_DIR)/HandBump.app/HandBump";
			};
			name = Debug;
		};
		E90A66571B51C77E003B45C1 /* Release */ = {
			isa = XCBuildConfiguration;
			buildSettings = {
				BUNDLE_LOADER = "$(TEST_HOST)";
				FRAMEWORK_SEARCH_PATHS = (
					"$(SDKROOT)/Developer/Library/Frameworks",
					"$(inherited)",
				);
				INFOPLIST_FILE = HandBumpTests/Info.plist;
				LD_RUNPATH_SEARCH_PATHS = "$(inherited) @executable_path/Frameworks @loader_path/Frameworks";
				PRODUCT_NAME = "$(TARGET_NAME)";
				TEST_HOST = "$(BUILT_PRODUCTS_DIR)/HandBump.app/HandBump";
			};
			name = Release;
		};
/* End XCBuildConfiguration section */

/* Begin XCConfigurationList section */
		E90A66281B51C77E003B45C1 /* Build configuration list for PBXProject "HandBump" */ = {
			isa = XCConfigurationList;
			buildConfigurations = (
				E90A66501B51C77E003B45C1 /* Debug */,
				E90A66511B51C77E003B45C1 /* Release */,
			);
			defaultConfigurationIsVisible = 0;
			defaultConfigurationName = Release;
		};
		E90A66521B51C77E003B45C1 /* Build configuration list for PBXNativeTarget "HandBump" */ = {
			isa = XCConfigurationList;
			buildConfigurations = (
				E90A66531B51C77E003B45C1 /* Debug */,
				E90A66541B51C77E003B45C1 /* Release */,
			);
			defaultConfigurationIsVisible = 0;
			defaultConfigurationName = Release;
		};
		E90A66551B51C77E003B45C1 /* Build configuration list for PBXNativeTarget "HandBumpTests" */ = {
			isa = XCConfigurationList;
			buildConfigurations = (
				E90A66561B51C77E003B45C1 /* Debug */,
				E90A66571B51C77E003B45C1 /* Release */,
			);
			defaultConfigurationIsVisible = 0;
			defaultConfigurationName = Release;
		};
/* End XCConfigurationList section */
	};
	rootObject = E90A66251B51C77E003B45C1 /* Project object */;
}
