// !$*UTF8*$!
{
	archiveVersion = 1;
	classes = {
	};
	objectVersion = 46;
	objects = {

/* Begin PBXBuildFile section */
		99B0CF101B526B5A00C3786F /* PhysicalGestureGuesser.m in Sources */ = {isa = PBXBuildFile; fileRef = 99B0CF0F1B526B5A00C3786F /* PhysicalGestureGuesser.m */; };
		E90A65FF1B51C6F7003B45C1 /* main.m in Sources */ = {isa = PBXBuildFile; fileRef = E90A65FE1B51C6F7003B45C1 /* main.m */; };
		E90A66021B51C6F7003B45C1 /* AppDelegate.m in Sources */ = {isa = PBXBuildFile; fileRef = E90A66011B51C6F7003B45C1 /* AppDelegate.m */; };
		E90A660C1B51C6F8003B45C1 /* Images.xcassets in Resources */ = {isa = PBXBuildFile; fileRef = E90A660B1B51C6F8003B45C1 /* Images.xcassets */; };
		E90A660F1B51C6F8003B45C1 /* LaunchScreen.xib in Resources */ = {isa = PBXBuildFile; fileRef = E90A660D1B51C6F8003B45C1 /* LaunchScreen.xib */; };
		E90A661B1B51C6F8003B45C1 /* FistShakeTests.m in Sources */ = {isa = PBXBuildFile; fileRef = E90A661A1B51C6F8003B45C1 /* FistShakeTests.m */; };
		E90A665D1B51C7D0003B45C1 /* AppController.m in Sources */ = {isa = PBXBuildFile; fileRef = E90A665C1B51C7D0003B45C1 /* AppController.m */; };
		E90A66601B51E01E003B45C1 /* MainViewController.m in Sources */ = {isa = PBXBuildFile; fileRef = E90A665F1B51E01E003B45C1 /* MainViewController.m */; };
		E90A66BE1B52DECF003B45C1 /* TestViewController.m in Sources */ = {isa = PBXBuildFile; fileRef = E90A66BD1B52DECF003B45C1 /* TestViewController.m */; };
/* End PBXBuildFile section */

/* Begin PBXContainerItemProxy section */
		E90A66151B51C6F8003B45C1 /* PBXContainerItemProxy */ = {
			isa = PBXContainerItemProxy;
			containerPortal = E90A65F11B51C6F7003B45C1 /* Project object */;
			proxyType = 1;
			remoteGlobalIDString = E90A65F81B51C6F7003B45C1;
			remoteInfo = FistShake;
		};
/* End PBXContainerItemProxy section */

/* Begin PBXFileReference section */
		99B0CF0E1B526B5A00C3786F /* PhysicalGestureGuesser.h */ = {isa = PBXFileReference; fileEncoding = 4; lastKnownFileType = sourcecode.c.h; path = PhysicalGestureGuesser.h; sourceTree = "<group>"; };
		99B0CF0F1B526B5A00C3786F /* PhysicalGestureGuesser.m */ = {isa = PBXFileReference; fileEncoding = 4; lastKnownFileType = sourcecode.c.objc; path = PhysicalGestureGuesser.m; sourceTree = "<group>"; };
		E90A65F91B51C6F7003B45C1 /* FistShake.app */ = {isa = PBXFileReference; explicitFileType = wrapper.application; includeInIndex = 0; path = FistShake.app; sourceTree = BUILT_PRODUCTS_DIR; };
		E90A65FD1B51C6F7003B45C1 /* Info.plist */ = {isa = PBXFileReference; lastKnownFileType = text.plist.xml; path = Info.plist; sourceTree = "<group>"; };
		E90A65FE1B51C6F7003B45C1 /* main.m */ = {isa = PBXFileReference; lastKnownFileType = sourcecode.c.objc; path = main.m; sourceTree = "<group>"; };
		E90A66001B51C6F7003B45C1 /* AppDelegate.h */ = {isa = PBXFileReference; lastKnownFileType = sourcecode.c.h; path = AppDelegate.h; sourceTree = "<group>"; };
		E90A66011B51C6F7003B45C1 /* AppDelegate.m */ = {isa = PBXFileReference; lastKnownFileType = sourcecode.c.objc; path = AppDelegate.m; sourceTree = "<group>"; };
		E90A660B1B51C6F8003B45C1 /* Images.xcassets */ = {isa = PBXFileReference; lastKnownFileType = folder.assetcatalog; path = Images.xcassets; sourceTree = "<group>"; };
		E90A660E1B51C6F8003B45C1 /* Base */ = {isa = PBXFileReference; lastKnownFileType = file.xib; name = Base; path = Base.lproj/LaunchScreen.xib; sourceTree = "<group>"; };
		E90A66141B51C6F8003B45C1 /* FistShakeTests.xctest */ = {isa = PBXFileReference; explicitFileType = wrapper.cfbundle; includeInIndex = 0; path = FistShakeTests.xctest; sourceTree = BUILT_PRODUCTS_DIR; };
		E90A66191B51C6F8003B45C1 /* Info.plist */ = {isa = PBXFileReference; lastKnownFileType = text.plist.xml; path = Info.plist; sourceTree = "<group>"; };
		E90A661A1B51C6F8003B45C1 /* FistShakeTests.m */ = {isa = PBXFileReference; lastKnownFileType = sourcecode.c.objc; path = FistShakeTests.m; sourceTree = "<group>"; };
		E90A665B1B51C7D0003B45C1 /* AppController.h */ = {isa = PBXFileReference; fileEncoding = 4; lastKnownFileType = sourcecode.c.h; path = AppController.h; sourceTree = "<group>"; };
		E90A665C1B51C7D0003B45C1 /* AppController.m */ = {isa = PBXFileReference; fileEncoding = 4; lastKnownFileType = sourcecode.c.objc; path = AppController.m; sourceTree = "<group>"; };
		E90A665E1B51E01E003B45C1 /* MainViewController.h */ = {isa = PBXFileReference; fileEncoding = 4; lastKnownFileType = sourcecode.c.h; path = MainViewController.h; sourceTree = "<group>"; };
		E90A665F1B51E01E003B45C1 /* MainViewController.m */ = {isa = PBXFileReference; fileEncoding = 4; lastKnownFileType = sourcecode.c.objc; path = MainViewController.m; sourceTree = "<group>"; };
		E90A66BC1B52DECF003B45C1 /* TestViewController.h */ = {isa = PBXFileReference; fileEncoding = 4; lastKnownFileType = sourcecode.c.h; path = TestViewController.h; sourceTree = "<group>"; };
		E90A66BD1B52DECF003B45C1 /* TestViewController.m */ = {isa = PBXFileReference; fileEncoding = 4; lastKnownFileType = sourcecode.c.objc; path = TestViewController.m; sourceTree = "<group>"; };
/* End PBXFileReference section */

/* Begin PBXFrameworksBuildPhase section */
		E90A65F61B51C6F7003B45C1 /* Frameworks */ = {
			isa = PBXFrameworksBuildPhase;
			buildActionMask = 2147483647;
			files = (
			);
			runOnlyForDeploymentPostprocessing = 0;
		};
		E90A66111B51C6F8003B45C1 /* Frameworks */ = {
			isa = PBXFrameworksBuildPhase;
			buildActionMask = 2147483647;
			files = (
			);
			runOnlyForDeploymentPostprocessing = 0;
		};
/* End PBXFrameworksBuildPhase section */

/* Begin PBXGroup section */
		E90A65F01B51C6F7003B45C1 = {
			isa = PBXGroup;
			children = (
				E90A65FB1B51C6F7003B45C1 /* FistShake */,
				E90A66171B51C6F8003B45C1 /* FistShakeTests */,
				E90A65FA1B51C6F7003B45C1 /* Products */,
			);
			sourceTree = "<group>";
		};
		E90A65FA1B51C6F7003B45C1 /* Products */ = {
			isa = PBXGroup;
			children = (
				E90A65F91B51C6F7003B45C1 /* FistShake.app */,
				E90A66141B51C6F8003B45C1 /* FistShakeTests.xctest */,
			);
			name = Products;
			sourceTree = "<group>";
		};
		E90A65FB1B51C6F7003B45C1 /* FistShake */ = {
			isa = PBXGroup;
			children = (
				E90A66001B51C6F7003B45C1 /* AppDelegate.h */,
				E90A66011B51C6F7003B45C1 /* AppDelegate.m */,
				E90A665B1B51C7D0003B45C1 /* AppController.h */,
				E90A665C1B51C7D0003B45C1 /* AppController.m */,
				E90A665E1B51E01E003B45C1 /* MainViewController.h */,
				E90A665F1B51E01E003B45C1 /* MainViewController.m */,
				99B0CF0E1B526B5A00C3786F /* PhysicalGestureGuesser.h */,
				99B0CF0F1B526B5A00C3786F /* PhysicalGestureGuesser.m */,
				E90A66BC1B52DECF003B45C1 /* TestViewController.h */,
				E90A66BD1B52DECF003B45C1 /* TestViewController.m */,
				E90A660B1B51C6F8003B45C1 /* Images.xcassets */,
				E90A660D1B51C6F8003B45C1 /* LaunchScreen.xib */,
				E90A65FC1B51C6F7003B45C1 /* Supporting Files */,
			);
			path = FistShake;
			sourceTree = "<group>";
		};
		E90A65FC1B51C6F7003B45C1 /* Supporting Files */ = {
			isa = PBXGroup;
			children = (
				E90A65FD1B51C6F7003B45C1 /* Info.plist */,
				E90A65FE1B51C6F7003B45C1 /* main.m */,
			);
			name = "Supporting Files";
			sourceTree = "<group>";
		};
		E90A66171B51C6F8003B45C1 /* FistShakeTests */ = {
			isa = PBXGroup;
			children = (
				E90A661A1B51C6F8003B45C1 /* FistShakeTests.m */,
				E90A66181B51C6F8003B45C1 /* Supporting Files */,
			);
			path = FistShakeTests;
			sourceTree = "<group>";
		};
		E90A66181B51C6F8003B45C1 /* Supporting Files */ = {
			isa = PBXGroup;
			children = (
				E90A66191B51C6F8003B45C1 /* Info.plist */,
			);
			name = "Supporting Files";
			sourceTree = "<group>";
		};
/* End PBXGroup section */

/* Begin PBXNativeTarget section */
		E90A65F81B51C6F7003B45C1 /* FistShake */ = {
			isa = PBXNativeTarget;
			buildConfigurationList = E90A661E1B51C6F8003B45C1 /* Build configuration list for PBXNativeTarget "FistShake" */;
			buildPhases = (
				E90A65F51B51C6F7003B45C1 /* Sources */,
				E90A65F61B51C6F7003B45C1 /* Frameworks */,
				E90A65F71B51C6F7003B45C1 /* Resources */,
			);
			buildRules = (
			);
			dependencies = (
			);
			name = FistShake;
			productName = FistShake;
			productReference = E90A65F91B51C6F7003B45C1 /* FistShake.app */;
			productType = "com.apple.product-type.application";
		};
		E90A66131B51C6F8003B45C1 /* FistShakeTests */ = {
			isa = PBXNativeTarget;
			buildConfigurationList = E90A66211B51C6F8003B45C1 /* Build configuration list for PBXNativeTarget "FistShakeTests" */;
			buildPhases = (
				E90A66101B51C6F8003B45C1 /* Sources */,
				E90A66111B51C6F8003B45C1 /* Frameworks */,
				E90A66121B51C6F8003B45C1 /* Resources */,
			);
			buildRules = (
			);
			dependencies = (
				E90A66161B51C6F8003B45C1 /* PBXTargetDependency */,
			);
			name = FistShakeTests;
			productName = FistShakeTests;
			productReference = E90A66141B51C6F8003B45C1 /* FistShakeTests.xctest */;
			productType = "com.apple.product-type.bundle.unit-test";
		};
/* End PBXNativeTarget section */

/* Begin PBXProject section */
		E90A65F11B51C6F7003B45C1 /* Project object */ = {
			isa = PBXProject;
			attributes = {
				LastUpgradeCheck = 0630;
				ORGANIZATIONNAME = "Organization Name";
				TargetAttributes = {
					E90A65F81B51C6F7003B45C1 = {
						CreatedOnToolsVersion = 6.3.2;
					};
					E90A66131B51C6F8003B45C1 = {
						CreatedOnToolsVersion = 6.3.2;
						TestTargetID = E90A65F81B51C6F7003B45C1;
					};
				};
			};
			buildConfigurationList = E90A65F41B51C6F7003B45C1 /* Build configuration list for PBXProject "FistShake" */;
			compatibilityVersion = "Xcode 3.2";
			developmentRegion = English;
			hasScannedForEncodings = 0;
			knownRegions = (
				en,
				Base,
			);
			mainGroup = E90A65F01B51C6F7003B45C1;
			productRefGroup = E90A65FA1B51C6F7003B45C1 /* Products */;
			projectDirPath = "";
			projectRoot = "";
			targets = (
				E90A65F81B51C6F7003B45C1 /* FistShake */,
				E90A66131B51C6F8003B45C1 /* FistShakeTests */,
			);
		};
/* End PBXProject section */

/* Begin PBXResourcesBuildPhase section */
		E90A65F71B51C6F7003B45C1 /* Resources */ = {
			isa = PBXResourcesBuildPhase;
			buildActionMask = 2147483647;
			files = (
				E90A660F1B51C6F8003B45C1 /* LaunchScreen.xib in Resources */,
				E90A660C1B51C6F8003B45C1 /* Images.xcassets in Resources */,
			);
			runOnlyForDeploymentPostprocessing = 0;
		};
		E90A66121B51C6F8003B45C1 /* Resources */ = {
			isa = PBXResourcesBuildPhase;
			buildActionMask = 2147483647;
			files = (
			);
			runOnlyForDeploymentPostprocessing = 0;
		};
/* End PBXResourcesBuildPhase section */

/* Begin PBXSourcesBuildPhase section */
		E90A65F51B51C6F7003B45C1 /* Sources */ = {
			isa = PBXSourcesBuildPhase;
			buildActionMask = 2147483647;
			files = (
				99B0CF101B526B5A00C3786F /* PhysicalGestureGuesser.m in Sources */,
				E90A66021B51C6F7003B45C1 /* AppDelegate.m in Sources */,
				E90A665D1B51C7D0003B45C1 /* AppController.m in Sources */,
				E90A65FF1B51C6F7003B45C1 /* main.m in Sources */,
				E90A66601B51E01E003B45C1 /* MainViewController.m in Sources */,
				E90A66BE1B52DECF003B45C1 /* TestViewController.m in Sources */,
			);
			runOnlyForDeploymentPostprocessing = 0;
		};
		E90A66101B51C6F8003B45C1 /* Sources */ = {
			isa = PBXSourcesBuildPhase;
			buildActionMask = 2147483647;
			files = (
				E90A661B1B51C6F8003B45C1 /* FistShakeTests.m in Sources */,
			);
			runOnlyForDeploymentPostprocessing = 0;
		};
/* End PBXSourcesBuildPhase section */

/* Begin PBXTargetDependency section */
		E90A66161B51C6F8003B45C1 /* PBXTargetDependency */ = {
			isa = PBXTargetDependency;
			target = E90A65F81B51C6F7003B45C1 /* FistShake */;
			targetProxy = E90A66151B51C6F8003B45C1 /* PBXContainerItemProxy */;
		};
/* End PBXTargetDependency section */

/* Begin PBXVariantGroup section */
		E90A660D1B51C6F8003B45C1 /* LaunchScreen.xib */ = {
			isa = PBXVariantGroup;
			children = (
				E90A660E1B51C6F8003B45C1 /* Base */,
			);
			name = LaunchScreen.xib;
			sourceTree = "<group>";
		};
/* End PBXVariantGroup section */

/* Begin XCBuildConfiguration section */
		E90A661C1B51C6F8003B45C1 /* Debug */ = {
			isa = XCBuildConfiguration;
			buildSettings = {
				ALWAYS_SEARCH_USER_PATHS = NO;
				CLANG_CXX_LANGUAGE_STANDARD = "gnu++0x";
				CLANG_CXX_LIBRARY = "libc++";
				CLANG_ENABLE_MODULES = YES;
				CLANG_ENABLE_OBJC_ARC = YES;
				CLANG_WARN_BOOL_CONVERSION = YES;
				CLANG_WARN_CONSTANT_CONVERSION = YES;
				CLANG_WARN_DIRECT_OBJC_ISA_USAGE = YES_ERROR;
				CLANG_WARN_EMPTY_BODY = YES;
				CLANG_WARN_ENUM_CONVERSION = YES;
				CLANG_WARN_INT_CONVERSION = YES;
				CLANG_WARN_OBJC_ROOT_CLASS = YES_ERROR;
				CLANG_WARN_UNREACHABLE_CODE = YES;
				CLANG_WARN__DUPLICATE_METHOD_MATCH = YES;
				"CODE_SIGN_IDENTITY[sdk=iphoneos*]" = "iPhone Developer";
				COPY_PHASE_STRIP = NO;
				DEBUG_INFORMATION_FORMAT = "dwarf-with-dsym";
				ENABLE_STRICT_OBJC_MSGSEND = YES;
				GCC_C_LANGUAGE_STANDARD = gnu99;
				GCC_DYNAMIC_NO_PIC = NO;
				GCC_NO_COMMON_BLOCKS = YES;
				GCC_OPTIMIZATION_LEVEL = 0;
				GCC_PREPROCESSOR_DEFINITIONS = (
					"DEBUG=1",
					"$(inherited)",
				);
				GCC_SYMBOLS_PRIVATE_EXTERN = NO;
				GCC_WARN_64_TO_32_BIT_CONVERSION = YES;
				GCC_WARN_ABOUT_RETURN_TYPE = YES_ERROR;
				GCC_WARN_UNDECLARED_SELECTOR = YES;
				GCC_WARN_UNINITIALIZED_AUTOS = YES_AGGRESSIVE;
				GCC_WARN_UNUSED_FUNCTION = YES;
				GCC_WARN_UNUSED_VARIABLE = YES;
				IPHONEOS_DEPLOYMENT_TARGET = 8.3;
				MTL_ENABLE_DEBUG_INFO = YES;
				ONLY_ACTIVE_ARCH = YES;
				SDKROOT = iphoneos;
			};
			name = Debug;
		};
		E90A661D1B51C6F8003B45C1 /* Release */ = {
			isa = XCBuildConfiguration;
			buildSettings = {
				ALWAYS_SEARCH_USER_PATHS = NO;
				CLANG_CXX_LANGUAGE_STANDARD = "gnu++0x";
				CLANG_CXX_LIBRARY = "libc++";
				CLANG_ENABLE_MODULES = YES;
				CLANG_ENABLE_OBJC_ARC = YES;
				CLANG_WARN_BOOL_CONVERSION = YES;
				CLANG_WARN_CONSTANT_CONVERSION = YES;
				CLANG_WARN_DIRECT_OBJC_ISA_USAGE = YES_ERROR;
				CLANG_WARN_EMPTY_BODY = YES;
				CLANG_WARN_ENUM_CONVERSION = YES;
				CLANG_WARN_INT_CONVERSION = YES;
				CLANG_WARN_OBJC_ROOT_CLASS = YES_ERROR;
				CLANG_WARN_UNREACHABLE_CODE = YES;
				CLANG_WARN__DUPLICATE_METHOD_MATCH = YES;
				"CODE_SIGN_IDENTITY[sdk=iphoneos*]" = "iPhone Developer";
				COPY_PHASE_STRIP = NO;
				DEBUG_INFORMATION_FORMAT = "dwarf-with-dsym";
				ENABLE_NS_ASSERTIONS = NO;
				ENABLE_STRICT_OBJC_MSGSEND = YES;
				GCC_C_LANGUAGE_STANDARD = gnu99;
				GCC_NO_COMMON_BLOCKS = YES;
				GCC_WARN_64_TO_32_BIT_CONVERSION = YES;
				GCC_WARN_ABOUT_RETURN_TYPE = YES_ERROR;
				GCC_WARN_UNDECLARED_SELECTOR = YES;
				GCC_WARN_UNINITIALIZED_AUTOS = YES_AGGRESSIVE;
				GCC_WARN_UNUSED_FUNCTION = YES;
				GCC_WARN_UNUSED_VARIABLE = YES;
				IPHONEOS_DEPLOYMENT_TARGET = 8.3;
				MTL_ENABLE_DEBUG_INFO = NO;
				SDKROOT = iphoneos;
				VALIDATE_PRODUCT = YES;
			};
			name = Release;
		};
		E90A661F1B51C6F8003B45C1 /* Debug */ = {
			isa = XCBuildConfiguration;
			buildSettings = {
				ASSETCATALOG_COMPILER_APPICON_NAME = AppIcon;
				INFOPLIST_FILE = FistShake/Info.plist;
				IPHONEOS_DEPLOYMENT_TARGET = 8.0;
				LD_RUNPATH_SEARCH_PATHS = "$(inherited) @executable_path/Frameworks";
				PRODUCT_NAME = "$(TARGET_NAME)";
			};
			name = Debug;
		};
		E90A66201B51C6F8003B45C1 /* Release */ = {
			isa = XCBuildConfiguration;
			buildSettings = {
				ASSETCATALOG_COMPILER_APPICON_NAME = AppIcon;
				INFOPLIST_FILE = FistShake/Info.plist;
				IPHONEOS_DEPLOYMENT_TARGET = 8.0;
				LD_RUNPATH_SEARCH_PATHS = "$(inherited) @executable_path/Frameworks";
				PRODUCT_NAME = "$(TARGET_NAME)";
			};
			name = Release;
		};
		E90A66221B51C6F8003B45C1 /* Debug */ = {
			isa = XCBuildConfiguration;
			buildSettings = {
				BUNDLE_LOADER = "$(TEST_HOST)";
				FRAMEWORK_SEARCH_PATHS = (
					"$(SDKROOT)/Developer/Library/Frameworks",
					"$(inherited)",
				);
				GCC_PREPROCESSOR_DEFINITIONS = (
					"DEBUG=1",
					"$(inherited)",
				);
				INFOPLIST_FILE = FistShakeTests/Info.plist;
				LD_RUNPATH_SEARCH_PATHS = "$(inherited) @executable_path/Frameworks @loader_path/Frameworks";
				PRODUCT_NAME = "$(TARGET_NAME)";
				TEST_HOST = "$(BUILT_PRODUCTS_DIR)/FistShake.app/FistShake";
			};
			name = Debug;
		};
		E90A66231B51C6F8003B45C1 /* Release */ = {
			isa = XCBuildConfiguration;
			buildSettings = {
				BUNDLE_LOADER = "$(TEST_HOST)";
				FRAMEWORK_SEARCH_PATHS = (
					"$(SDKROOT)/Developer/Library/Frameworks",
					"$(inherited)",
				);
				INFOPLIST_FILE = FistShakeTests/Info.plist;
				LD_RUNPATH_SEARCH_PATHS = "$(inherited) @executable_path/Frameworks @loader_path/Frameworks";
				PRODUCT_NAME = "$(TARGET_NAME)";
				TEST_HOST = "$(BUILT_PRODUCTS_DIR)/FistShake.app/FistShake";
			};
			name = Release;
		};
/* End XCBuildConfiguration section */

/* Begin XCConfigurationList section */
		E90A65F41B51C6F7003B45C1 /* Build configuration list for PBXProject "FistShake" */ = {
			isa = XCConfigurationList;
			buildConfigurations = (
				E90A661C1B51C6F8003B45C1 /* Debug */,
				E90A661D1B51C6F8003B45C1 /* Release */,
			);
			defaultConfigurationIsVisible = 0;
			defaultConfigurationName = Release;
		};
		E90A661E1B51C6F8003B45C1 /* Build configuration list for PBXNativeTarget "FistShake" */ = {
			isa = XCConfigurationList;
			buildConfigurations = (
				E90A661F1B51C6F8003B45C1 /* Debug */,
				E90A66201B51C6F8003B45C1 /* Release */,
			);
			defaultConfigurationIsVisible = 0;
			defaultConfigurationName = Release;
		};
		E90A66211B51C6F8003B45C1 /* Build configuration list for PBXNativeTarget "FistShakeTests" */ = {
			isa = XCConfigurationList;
			buildConfigurations = (
				E90A66221B51C6F8003B45C1 /* Debug */,
				E90A66231B51C6F8003B45C1 /* Release */,
			);
			defaultConfigurationIsVisible = 0;
			defaultConfigurationName = Release;
		};
/* End XCConfigurationList section */
	};
	rootObject = E90A65F11B51C6F7003B45C1 /* Project object */;
}
